
Microsoft Visual Studio Solution File, Format Version 12.00
# Visual Studio Version 16
VisualStudioVersion = 16.0.31313.79
MinimumVisualStudioVersion = 10.0.40219.1
Project("{9A19103F-16F7-4668-BE54-9A1E7A4F7556}") = "conductor-csharp", "conductor-csharp.csproj", "{EB44C772-CDAB-4C91-9B8F-BF0241DF1CC6}"
EndProject
Project("{FAE04EC0-301F-11D3-BF4B-00C04F79EFBC}") = "ConsoleApp1", "..\ConsoleApp1\ConsoleApp1.csproj", "{3FCD597D-343F-4515-BF49-77C5901DDD5C}"
EndProject
Global
	GlobalSection(SolutionConfigurationPlatforms) = preSolution
		Debug|Any CPU = Debug|Any CPU
		Release|Any CPU = Release|Any CPU
	EndGlobalSection
	GlobalSection(ProjectConfigurationPlatforms) = postSolution
		{EB44C772-CDAB-4C91-9B8F-BF0241DF1CC6}.Debug|Any CPU.ActiveCfg = Debug|Any CPU
		{EB44C772-CDAB-4C91-9B8F-BF0241DF1CC6}.Debug|Any CPU.Build.0 = Debug|Any CPU
		{EB44C772-CDAB-4C91-9B8F-BF0241DF1CC6}.Release|Any CPU.ActiveCfg = Release|Any CPU
		{EB44C772-CDAB-4C91-9B8F-BF0241DF1CC6}.Release|Any CPU.Build.0 = Release|Any CPU
		{3FCD597D-343F-4515-BF49-77C5901DDD5C}.Debug|Any CPU.ActiveCfg = Debug|Any CPU
		{3FCD597D-343F-4515-BF49-77C5901DDD5C}.Debug|Any CPU.Build.0 = Debug|Any CPU
		{3FCD597D-343F-4515-BF49-77C5901DDD5C}.Release|Any CPU.ActiveCfg = Release|Any CPU
		{3FCD597D-343F-4515-BF49-77C5901DDD5C}.Release|Any CPU.Build.0 = Release|Any CPU
	EndGlobalSection
	GlobalSection(SolutionProperties) = preSolution
		HideSolutionNode = FALSE
	EndGlobalSection
	GlobalSection(ExtensibilityGlobals) = postSolution
		SolutionGuid = {A24035DB-92E2-4D9A-BCEA-5FEF09AD6920}
	EndGlobalSection
EndGlobal
